
Microsoft Visual Studio Solution File, Format Version 12.00
# Visual Studio Version 16
VisualStudioVersion = 16.0.31105.61
MinimumVisualStudioVersion = 10.0.40219.1
Project("{FAE04EC0-301F-11D3-BF4B-00C04F79EFBC}") = "GoogleMapsAutomationTry", "GoogleMapsAutomationTry\GoogleMapsAutomationTry.csproj", "{BFFED5F3-9D1C-4FEC-9EE2-2F1BEB513BCD}"
EndProject
Global
	GlobalSection(SolutionConfigurationPlatforms) = preSolution
		Debug|Any CPU = Debug|Any CPU
		Release|Any CPU = Release|Any CPU
	EndGlobalSection
	GlobalSection(ProjectConfigurationPlatforms) = postSolution
		{BFFED5F3-9D1C-4FEC-9EE2-2F1BEB513BCD}.Debug|Any CPU.ActiveCfg = Debug|Any CPU
		{BFFED5F3-9D1C-4FEC-9EE2-2F1BEB513BCD}.Debug|Any CPU.Build.0 = Debug|Any CPU
		{BFFED5F3-9D1C-4FEC-9EE2-2F1BEB513BCD}.Release|Any CPU.ActiveCfg = Release|Any CPU
		{BFFED5F3-9D1C-4FEC-9EE2-2F1BEB513BCD}.Release|Any CPU.Build.0 = Release|Any CPU
	EndGlobalSection
	GlobalSection(SolutionProperties) = preSolution
		HideSolutionNode = FALSE
	EndGlobalSection
	GlobalSection(ExtensibilityGlobals) = postSolution
		SolutionGuid = {6E678CE4-421C-4025-B8E3-DA603BEA00A2}
	EndGlobalSection
EndGlobal
